
Microsoft Visual Studio Solution File, Format Version 12.00
# Visual Studio 2015
Project("{FAE04EC0-301F-11D3-BF4B-00C04F79EFBC}") = "AgniResearch.Plugins", "AgniResearch.Plugins.csproj", "{1A04EFC9-8128-BD74-324E-F0A9B6366D87}"
EndProject
Project("{FAE04EC0-301F-11D3-BF4B-00C04F79EFBC}") = "AgniResearch", "AgniResearch.csproj", "{44D6E590-576D-F4A1-EA36-412C81C2311A}"
EndProject
Project("{FAE04EC0-301F-11D3-BF4B-00C04F79EFBC}") = "AgniResearch.Editor.Plugins", "AgniResearch.Editor.Plugins.csproj", "{7F2F7FC1-BE41-96E7-8780-104CAC3573D5}"
EndProject
Global
	GlobalSection(SolutionConfigurationPlatforms) = preSolution
		Debug|Any CPU = Debug|Any CPU
		Release|Any CPU = Release|Any CPU
	EndGlobalSection
	GlobalSection(ProjectConfigurationPlatforms) = postSolution
		{1A04EFC9-8128-BD74-324E-F0A9B6366D87}.Debug|Any CPU.ActiveCfg = Debug|Any CPU
		{1A04EFC9-8128-BD74-324E-F0A9B6366D87}.Debug|Any CPU.Build.0 = Debug|Any CPU
		{1A04EFC9-8128-BD74-324E-F0A9B6366D87}.Release|Any CPU.ActiveCfg = Release|Any CPU
		{1A04EFC9-8128-BD74-324E-F0A9B6366D87}.Release|Any CPU.Build.0 = Release|Any CPU
		{44D6E590-576D-F4A1-EA36-412C81C2311A}.Debug|Any CPU.ActiveCfg = Debug|Any CPU
		{44D6E590-576D-F4A1-EA36-412C81C2311A}.Debug|Any CPU.Build.0 = Debug|Any CPU
		{44D6E590-576D-F4A1-EA36-412C81C2311A}.Release|Any CPU.ActiveCfg = Release|Any CPU
		{44D6E590-576D-F4A1-EA36-412C81C2311A}.Release|Any CPU.Build.0 = Release|Any CPU
		{7F2F7FC1-BE41-96E7-8780-104CAC3573D5}.Debug|Any CPU.ActiveCfg = Debug|Any CPU
		{7F2F7FC1-BE41-96E7-8780-104CAC3573D5}.Debug|Any CPU.Build.0 = Debug|Any CPU
		{7F2F7FC1-BE41-96E7-8780-104CAC3573D5}.Release|Any CPU.ActiveCfg = Release|Any CPU
		{7F2F7FC1-BE41-96E7-8780-104CAC3573D5}.Release|Any CPU.Build.0 = Release|Any CPU
	EndGlobalSection
	GlobalSection(SolutionProperties) = preSolution
		HideSolutionNode = FALSE
	EndGlobalSection
EndGlobal
