
Microsoft Visual Studio Solution File, Format Version 12.00
# Visual Studio 2015
Project("{FAE04EC0-301F-11D3-BF4B-00C04F79EFBC}") = "AgniResearch.CSharp.Plugins", "AgniResearch.CSharp.Plugins.csproj", "{C1AE03B6-59B3-8E11-CCEA-6FA5AB49E52D}"
EndProject
Project("{FAE04EC0-301F-11D3-BF4B-00C04F79EFBC}") = "AgniResearch.CSharp.Editor.Plugins", "AgniResearch.CSharp.Editor.Plugins.csproj", "{63D355F9-0AD1-18F7-BD2A-C183F8D2D3B8}"
EndProject
Global
	GlobalSection(SolutionConfigurationPlatforms) = preSolution
		Debug|Any CPU = Debug|Any CPU
		Release|Any CPU = Release|Any CPU
	EndGlobalSection
	GlobalSection(ProjectConfigurationPlatforms) = postSolution
		{C1AE03B6-59B3-8E11-CCEA-6FA5AB49E52D}.Debug|Any CPU.ActiveCfg = Debug|Any CPU
		{C1AE03B6-59B3-8E11-CCEA-6FA5AB49E52D}.Debug|Any CPU.Build.0 = Debug|Any CPU
		{C1AE03B6-59B3-8E11-CCEA-6FA5AB49E52D}.Release|Any CPU.ActiveCfg = Release|Any CPU
		{C1AE03B6-59B3-8E11-CCEA-6FA5AB49E52D}.Release|Any CPU.Build.0 = Release|Any CPU
		{63D355F9-0AD1-18F7-BD2A-C183F8D2D3B8}.Debug|Any CPU.ActiveCfg = Debug|Any CPU
		{63D355F9-0AD1-18F7-BD2A-C183F8D2D3B8}.Debug|Any CPU.Build.0 = Debug|Any CPU
		{63D355F9-0AD1-18F7-BD2A-C183F8D2D3B8}.Release|Any CPU.ActiveCfg = Release|Any CPU
		{63D355F9-0AD1-18F7-BD2A-C183F8D2D3B8}.Release|Any CPU.Build.0 = Release|Any CPU
	EndGlobalSection
	GlobalSection(SolutionProperties) = preSolution
		HideSolutionNode = FALSE
	EndGlobalSection
EndGlobal
